// !$*UTF8*$!
{
	archiveVersion = 1;
	classes = {
	};
	objectVersion = 56;
	objects = {

/* Begin PBXBuildFile section */
		6BA15FE12928AB5300EEF08A /* WorkoutService.swift in Sources */ = {isa = PBXBuildFile; fileRef = 6BA15FE02928AB5300EEF08A /* WorkoutService.swift */; };
		6BA15FE42928ABE800EEF08A /* GymService.swift in Sources */ = {isa = PBXBuildFile; fileRef = 6BA15FE32928ABE800EEF08A /* GymService.swift */; };
		6BA15FE72928AC2900EEF08A /* ButtonListModel.swift in Sources */ = {isa = PBXBuildFile; fileRef = 6BA15FE62928AC2900EEF08A /* ButtonListModel.swift */; };
		6BA15FE92928ACA100EEF08A /* ButtonModel.swift in Sources */ = {isa = PBXBuildFile; fileRef = 6BA15FE82928ACA100EEF08A /* ButtonModel.swift */; };
		6BA15FEB2928AD3100EEF08A /* ButtonService.swift in Sources */ = {isa = PBXBuildFile; fileRef = 6BA15FEA2928AD3100EEF08A /* ButtonService.swift */; };
		6BA15FF02928AE5500EEF08A /* GymmerView.swift in Sources */ = {isa = PBXBuildFile; fileRef = 6BA15FEF2928AE5500EEF08A /* GymmerView.swift */; };
		6BA15FF42928AF2300EEF08A /* TimerView.swift in Sources */ = {isa = PBXBuildFile; fileRef = 6BA15FF32928AF2300EEF08A /* TimerView.swift */; };
		6BA15FF72928AFA200EEF08A /* MetricsView.swift in Sources */ = {isa = PBXBuildFile; fileRef = 6BA15FF62928AFA200EEF08A /* MetricsView.swift */; };
		6BA15FF92928AFC700EEF08A /* ElapsedTimeView.swift in Sources */ = {isa = PBXBuildFile; fileRef = 6BA15FF82928AFC700EEF08A /* ElapsedTimeView.swift */; };
		6BA15FFB2929247500EEF08A /* CountDownTimeView.swift in Sources */ = {isa = PBXBuildFile; fileRef = 6BA15FFA2929247500EEF08A /* CountDownTimeView.swift */; };
		6BA15FFE292924DC00EEF08A /* ButtonsView.swift in Sources */ = {isa = PBXBuildFile; fileRef = 6BA15FFD292924DC00EEF08A /* ButtonsView.swift */; };
		6BA160002929D2D500EEF08A /* Constants.swift in Sources */ = {isa = PBXBuildFile; fileRef = 6BA15FFF2929D2D500EEF08A /* Constants.swift */; };
		6BA160022929D34900EEF08A /* ButtonValuesModel.swift in Sources */ = {isa = PBXBuildFile; fileRef = 6BA160012929D34900EEF08A /* ButtonValuesModel.swift */; };
		6BA160042929D4CA00EEF08A /* ButtonView.swift in Sources */ = {isa = PBXBuildFile; fileRef = 6BA160032929D4CA00EEF08A /* ButtonView.swift */; };
		6BA160062929D52900EEF08A /* ButtonText.swift in Sources */ = {isa = PBXBuildFile; fileRef = 6BA160052929D52900EEF08A /* ButtonText.swift */; };
		6BA1600C2929DD9A00EEF08A /* CornerRadius.swift in Sources */ = {isa = PBXBuildFile; fileRef = 6BA1600B2929DD9A00EEF08A /* CornerRadius.swift */; };
		6BA1600E2929F45A00EEF08A /* PreviewProvider.swift in Sources */ = {isa = PBXBuildFile; fileRef = 6BA1600D2929F45A00EEF08A /* PreviewProvider.swift */; };
		6BA16011292A461500EEF08A /* ConfigureView.swift in Sources */ = {isa = PBXBuildFile; fileRef = 6BA16010292A461500EEF08A /* ConfigureView.swift */; };
		6BDF62012927E2B50084604D /* Gymmer SRF.app in Embed Watch Content */ = {isa = PBXBuildFile; fileRef = 6BDF62002927E2B50084604D /* Gymmer SRF.app */; settings = {ATTRIBUTES = (RemoveHeadersOnCopy, ); }; };
		6BDF62062927E2B50084604D /* Gymmer_SRFApp.swift in Sources */ = {isa = PBXBuildFile; fileRef = 6BDF62052927E2B50084604D /* Gymmer_SRFApp.swift */; };
		6BDF62082927E2B50084604D /* ContentView.swift in Sources */ = {isa = PBXBuildFile; fileRef = 6BDF62072927E2B50084604D /* ContentView.swift */; };
		6BDF620A2927E2B80084604D /* Assets.xcassets in Resources */ = {isa = PBXBuildFile; fileRef = 6BDF62092927E2B80084604D /* Assets.xcassets */; };
		6BDF620D2927E2B80084604D /* Preview Assets.xcassets in Resources */ = {isa = PBXBuildFile; fileRef = 6BDF620C2927E2B80084604D /* Preview Assets.xcassets */; };
		6BDF62172927E2B80084604D /* Gymmer_SRF_Watch_AppTests.swift in Sources */ = {isa = PBXBuildFile; fileRef = 6BDF62162927E2B80084604D /* Gymmer_SRF_Watch_AppTests.swift */; };
		6BDF62212927E2B80084604D /* Gymmer_SRF_Watch_AppUITests.swift in Sources */ = {isa = PBXBuildFile; fileRef = 6BDF62202927E2B80084604D /* Gymmer_SRF_Watch_AppUITests.swift */; };
		6BDF62232927E2B80084604D /* Gymmer_SRF_Watch_AppUITestsLaunchTests.swift in Sources */ = {isa = PBXBuildFile; fileRef = 6BDF62222927E2B80084604D /* Gymmer_SRF_Watch_AppUITestsLaunchTests.swift */; };
/* End PBXBuildFile section */

/* Begin PBXContainerItemProxy section */
		6BDF62022927E2B50084604D /* PBXContainerItemProxy */ = {
			isa = PBXContainerItemProxy;
			containerPortal = 6BDF61F42927E2B50084604D /* Project object */;
			proxyType = 1;
			remoteGlobalIDString = 6BDF61FF2927E2B50084604D;
			remoteInfo = "Gymmer SRF Watch App";
		};
		6BDF62132927E2B80084604D /* PBXContainerItemProxy */ = {
			isa = PBXContainerItemProxy;
			containerPortal = 6BDF61F42927E2B50084604D /* Project object */;
			proxyType = 1;
			remoteGlobalIDString = 6BDF61FF2927E2B50084604D;
			remoteInfo = "Gymmer SRF Watch App";
		};
		6BDF621D2927E2B80084604D /* PBXContainerItemProxy */ = {
			isa = PBXContainerItemProxy;
			containerPortal = 6BDF61F42927E2B50084604D /* Project object */;
			proxyType = 1;
			remoteGlobalIDString = 6BDF61FF2927E2B50084604D;
			remoteInfo = "Gymmer SRF Watch App";
		};
/* End PBXContainerItemProxy section */

/* Begin PBXCopyFilesBuildPhase section */
		6BDF62292927E2B80084604D /* Embed Watch Content */ = {
			isa = PBXCopyFilesBuildPhase;
			buildActionMask = 2147483647;
			dstPath = "$(CONTENTS_FOLDER_PATH)/Watch";
			dstSubfolderSpec = 16;
			files = (
				6BDF62012927E2B50084604D /* Gymmer SRF.app in Embed Watch Content */,
			);
			name = "Embed Watch Content";
			runOnlyForDeploymentPostprocessing = 0;
		};
/* End PBXCopyFilesBuildPhase section */

/* Begin PBXFileReference section */
		6BA15FE02928AB5300EEF08A /* WorkoutService.swift */ = {isa = PBXFileReference; lastKnownFileType = sourcecode.swift; path = WorkoutService.swift; sourceTree = "<group>"; };
		6BA15FE32928ABE800EEF08A /* GymService.swift */ = {isa = PBXFileReference; lastKnownFileType = sourcecode.swift; path = GymService.swift; sourceTree = "<group>"; };
		6BA15FE62928AC2900EEF08A /* ButtonListModel.swift */ = {isa = PBXFileReference; lastKnownFileType = sourcecode.swift; path = ButtonListModel.swift; sourceTree = "<group>"; };
		6BA15FE82928ACA100EEF08A /* ButtonModel.swift */ = {isa = PBXFileReference; lastKnownFileType = sourcecode.swift; path = ButtonModel.swift; sourceTree = "<group>"; };
		6BA15FEA2928AD3100EEF08A /* ButtonService.swift */ = {isa = PBXFileReference; lastKnownFileType = sourcecode.swift; path = ButtonService.swift; sourceTree = "<group>"; };
		6BA15FEF2928AE5500EEF08A /* GymmerView.swift */ = {isa = PBXFileReference; lastKnownFileType = sourcecode.swift; path = GymmerView.swift; sourceTree = "<group>"; };
		6BA15FF32928AF2300EEF08A /* TimerView.swift */ = {isa = PBXFileReference; lastKnownFileType = sourcecode.swift; path = TimerView.swift; sourceTree = "<group>"; };
		6BA15FF62928AFA200EEF08A /* MetricsView.swift */ = {isa = PBXFileReference; lastKnownFileType = sourcecode.swift; path = MetricsView.swift; sourceTree = "<group>"; };
		6BA15FF82928AFC700EEF08A /* ElapsedTimeView.swift */ = {isa = PBXFileReference; lastKnownFileType = sourcecode.swift; path = ElapsedTimeView.swift; sourceTree = "<group>"; };
		6BA15FFA2929247500EEF08A /* CountDownTimeView.swift */ = {isa = PBXFileReference; lastKnownFileType = sourcecode.swift; path = CountDownTimeView.swift; sourceTree = "<group>"; };
		6BA15FFD292924DC00EEF08A /* ButtonsView.swift */ = {isa = PBXFileReference; lastKnownFileType = sourcecode.swift; path = ButtonsView.swift; sourceTree = "<group>"; };
		6BA15FFF2929D2D500EEF08A /* Constants.swift */ = {isa = PBXFileReference; lastKnownFileType = sourcecode.swift; path = Constants.swift; sourceTree = "<group>"; };
		6BA160012929D34900EEF08A /* ButtonValuesModel.swift */ = {isa = PBXFileReference; lastKnownFileType = sourcecode.swift; path = ButtonValuesModel.swift; sourceTree = "<group>"; };
		6BA160032929D4CA00EEF08A /* ButtonView.swift */ = {isa = PBXFileReference; lastKnownFileType = sourcecode.swift; path = ButtonView.swift; sourceTree = "<group>"; };
		6BA160052929D52900EEF08A /* ButtonText.swift */ = {isa = PBXFileReference; lastKnownFileType = sourcecode.swift; path = ButtonText.swift; sourceTree = "<group>"; };
		6BA160082929D69700EEF08A /* HealthKit.framework */ = {isa = PBXFileReference; lastKnownFileType = wrapper.framework; name = HealthKit.framework; path = Platforms/WatchOS.platform/Developer/SDKs/WatchOS9.1.sdk/System/Library/Frameworks/HealthKit.framework; sourceTree = DEVELOPER_DIR; };
		6BA1600B2929DD9A00EEF08A /* CornerRadius.swift */ = {isa = PBXFileReference; lastKnownFileType = sourcecode.swift; path = CornerRadius.swift; sourceTree = "<group>"; };
		6BA1600D2929F45A00EEF08A /* PreviewProvider.swift */ = {isa = PBXFileReference; lastKnownFileType = sourcecode.swift; path = PreviewProvider.swift; sourceTree = "<group>"; };
		6BA16010292A461500EEF08A /* ConfigureView.swift */ = {isa = PBXFileReference; lastKnownFileType = sourcecode.swift; path = ConfigureView.swift; sourceTree = "<group>"; };
		6BA16012292A4A6F00EEF08A /* Gymmer SRF Watch App.entitlements */ = {isa = PBXFileReference; lastKnownFileType = text.plist.entitlements; path = "Gymmer SRF Watch App.entitlements"; sourceTree = "<group>"; };
		6BA16014292A549800EEF08A /* Gymmer-SRF-Watch-App-Info.plist */ = {isa = PBXFileReference; lastKnownFileType = text.plist; path = "Gymmer-SRF-Watch-App-Info.plist"; sourceTree = SOURCE_ROOT; };
		6BDF61FA2927E2B50084604D /* Gymmer SRF.app */ = {isa = PBXFileReference; explicitFileType = wrapper.application; includeInIndex = 0; path = "Gymmer SRF.app"; sourceTree = BUILT_PRODUCTS_DIR; };
		6BDF62002927E2B50084604D /* Gymmer SRF.app */ = {isa = PBXFileReference; explicitFileType = wrapper.application; includeInIndex = 0; path = "Gymmer SRF.app"; sourceTree = BUILT_PRODUCTS_DIR; };
		6BDF62052927E2B50084604D /* Gymmer_SRFApp.swift */ = {isa = PBXFileReference; lastKnownFileType = sourcecode.swift; path = Gymmer_SRFApp.swift; sourceTree = "<group>"; };
		6BDF62072927E2B50084604D /* ContentView.swift */ = {isa = PBXFileReference; lastKnownFileType = sourcecode.swift; path = ContentView.swift; sourceTree = "<group>"; };
		6BDF62092927E2B80084604D /* Assets.xcassets */ = {isa = PBXFileReference; lastKnownFileType = folder.assetcatalog; path = Assets.xcassets; sourceTree = "<group>"; };
		6BDF620C2927E2B80084604D /* Preview Assets.xcassets */ = {isa = PBXFileReference; lastKnownFileType = folder.assetcatalog; path = "Preview Assets.xcassets"; sourceTree = "<group>"; };
		6BDF62122927E2B80084604D /* Gymmer SRF Watch AppTests.xctest */ = {isa = PBXFileReference; explicitFileType = wrapper.cfbundle; includeInIndex = 0; path = "Gymmer SRF Watch AppTests.xctest"; sourceTree = BUILT_PRODUCTS_DIR; };
		6BDF62162927E2B80084604D /* Gymmer_SRF_Watch_AppTests.swift */ = {isa = PBXFileReference; lastKnownFileType = sourcecode.swift; path = Gymmer_SRF_Watch_AppTests.swift; sourceTree = "<group>"; };
		6BDF621C2927E2B80084604D /* Gymmer SRF Watch AppUITests.xctest */ = {isa = PBXFileReference; explicitFileType = wrapper.cfbundle; includeInIndex = 0; path = "Gymmer SRF Watch AppUITests.xctest"; sourceTree = BUILT_PRODUCTS_DIR; };
		6BDF62202927E2B80084604D /* Gymmer_SRF_Watch_AppUITests.swift */ = {isa = PBXFileReference; lastKnownFileType = sourcecode.swift; path = Gymmer_SRF_Watch_AppUITests.swift; sourceTree = "<group>"; };
		6BDF62222927E2B80084604D /* Gymmer_SRF_Watch_AppUITestsLaunchTests.swift */ = {isa = PBXFileReference; lastKnownFileType = sourcecode.swift; path = Gymmer_SRF_Watch_AppUITestsLaunchTests.swift; sourceTree = "<group>"; };
/* End PBXFileReference section */

/* Begin PBXFrameworksBuildPhase section */
		6BDF61FD2927E2B50084604D /* Frameworks */ = {
			isa = PBXFrameworksBuildPhase;
			buildActionMask = 2147483647;
			files = (
			);
			runOnlyForDeploymentPostprocessing = 0;
		};
		6BDF620F2927E2B80084604D /* Frameworks */ = {
			isa = PBXFrameworksBuildPhase;
			buildActionMask = 2147483647;
			files = (
			);
			runOnlyForDeploymentPostprocessing = 0;
		};
		6BDF62192927E2B80084604D /* Frameworks */ = {
			isa = PBXFrameworksBuildPhase;
			buildActionMask = 2147483647;
			files = (
			);
			runOnlyForDeploymentPostprocessing = 0;
		};
/* End PBXFrameworksBuildPhase section */

/* Begin PBXGroup section */
		6BA15FDF2928AB2000EEF08A /* Services */ = {
			isa = PBXGroup;
			children = (
				6BA15FE02928AB5300EEF08A /* WorkoutService.swift */,
				6BA15FE32928ABE800EEF08A /* GymService.swift */,
				6BA15FEA2928AD3100EEF08A /* ButtonService.swift */,
				6BA15FFF2929D2D500EEF08A /* Constants.swift */,
			);
			path = Services;
			sourceTree = "<group>";
		};
		6BA15FE52928AC0D00EEF08A /* Models */ = {
			isa = PBXGroup;
			children = (
				6BA15FE62928AC2900EEF08A /* ButtonListModel.swift */,
				6BA15FE82928ACA100EEF08A /* ButtonModel.swift */,
				6BA160012929D34900EEF08A /* ButtonValuesModel.swift */,
			);
			path = Models;
			sourceTree = "<group>";
		};
		6BA15FEC2928AD6C00EEF08A /* Views */ = {
			isa = PBXGroup;
			children = (
				6BA1600F292A460200EEF08A /* Configure */,
				6BA15FF12928AEC400EEF08A /* Gymmer */,
			);
			path = Views;
			sourceTree = "<group>";
		};
		6BA15FF12928AEC400EEF08A /* Gymmer */ = {
			isa = PBXGroup;
			children = (
				6BA15FEF2928AE5500EEF08A /* GymmerView.swift */,
				6BA15FF52928AF5800EEF08A /* Timer */,
				6BA15FF62928AFA200EEF08A /* MetricsView.swift */,
			);
			path = Gymmer;
			sourceTree = "<group>";
		};
		6BA15FF22928AEDF00EEF08A /* Components */ = {
			isa = PBXGroup;
			children = (
				6BA15FFC292924BA00EEF08A /* Button */,
				6BA15FF82928AFC700EEF08A /* ElapsedTimeView.swift */,
			);
			path = Components;
			sourceTree = "<group>";
		};
		6BA15FF52928AF5800EEF08A /* Timer */ = {
			isa = PBXGroup;
			children = (
				6BA15FF32928AF2300EEF08A /* TimerView.swift */,
				6BA15FFA2929247500EEF08A /* CountDownTimeView.swift */,
			);
			path = Timer;
			sourceTree = "<group>";
		};
		6BA15FFC292924BA00EEF08A /* Button */ = {
			isa = PBXGroup;
			children = (
				6BA15FFD292924DC00EEF08A /* ButtonsView.swift */,
				6BA160032929D4CA00EEF08A /* ButtonView.swift */,
				6BA160052929D52900EEF08A /* ButtonText.swift */,
			);
			path = Button;
			sourceTree = "<group>";
		};
		6BA160072929D69700EEF08A /* Frameworks */ = {
			isa = PBXGroup;
			children = (
				6BA160082929D69700EEF08A /* HealthKit.framework */,
			);
			name = Frameworks;
			sourceTree = "<group>";
		};
		6BA1600A2929DD5A00EEF08A /* Extensions */ = {
			isa = PBXGroup;
			children = (
				6BA1600B2929DD9A00EEF08A /* CornerRadius.swift */,
				6BA1600D2929F45A00EEF08A /* PreviewProvider.swift */,
			);
			path = Extensions;
			sourceTree = "<group>";
		};
		6BA1600F292A460200EEF08A /* Configure */ = {
			isa = PBXGroup;
			children = (
				6BA16010292A461500EEF08A /* ConfigureView.swift */,
			);
			path = Configure;
			sourceTree = "<group>";
		};
		6BDF61F32927E2B50084604D = {
			isa = PBXGroup;
			children = (
				6BDF62042927E2B50084604D /* Gymmer SRF Watch App */,
				6BDF62152927E2B80084604D /* Gymmer SRF Watch AppTests */,
				6BDF621F2927E2B80084604D /* Gymmer SRF Watch AppUITests */,
				6BDF61FB2927E2B50084604D /* Products */,
				6BA160072929D69700EEF08A /* Frameworks */,
			);
			sourceTree = "<group>";
		};
		6BDF61FB2927E2B50084604D /* Products */ = {
			isa = PBXGroup;
			children = (
				6BDF61FA2927E2B50084604D /* Gymmer SRF.app */,
				6BDF62002927E2B50084604D /* Gymmer SRF.app */,
				6BDF62122927E2B80084604D /* Gymmer SRF Watch AppTests.xctest */,
				6BDF621C2927E2B80084604D /* Gymmer SRF Watch AppUITests.xctest */,
			);
			name = Products;
			sourceTree = "<group>";
		};
		6BDF62042927E2B50084604D /* Gymmer SRF Watch App */ = {
			isa = PBXGroup;
			children = (
				6BA15FDF2928AB2000EEF08A /* Services */,
				6BA15FE52928AC0D00EEF08A /* Models */,
				6BA15FEC2928AD6C00EEF08A /* Views */,
				6BA15FF22928AEDF00EEF08A /* Components */,
				6BA1600A2929DD5A00EEF08A /* Extensions */,
				6BDF620B2927E2B80084604D /* Preview Content */,
				6BDF62072927E2B50084604D /* ContentView.swift */,
				6BDF62052927E2B50084604D /* Gymmer_SRFApp.swift */,
				6BDF62092927E2B80084604D /* Assets.xcassets */,
				6BA16014292A549800EEF08A /* Gymmer-SRF-Watch-App-Info.plist */,
				6BA16012292A4A6F00EEF08A /* Gymmer SRF Watch App.entitlements */,
			);
			path = "Gymmer SRF Watch App";
			sourceTree = "<group>";
		};
		6BDF620B2927E2B80084604D /* Preview Content */ = {
			isa = PBXGroup;
			children = (
				6BDF620C2927E2B80084604D /* Preview Assets.xcassets */,
			);
			path = "Preview Content";
			sourceTree = "<group>";
		};
		6BDF62152927E2B80084604D /* Gymmer SRF Watch AppTests */ = {
			isa = PBXGroup;
			children = (
				6BDF62162927E2B80084604D /* Gymmer_SRF_Watch_AppTests.swift */,
			);
			path = "Gymmer SRF Watch AppTests";
			sourceTree = "<group>";
		};
		6BDF621F2927E2B80084604D /* Gymmer SRF Watch AppUITests */ = {
			isa = PBXGroup;
			children = (
				6BDF62202927E2B80084604D /* Gymmer_SRF_Watch_AppUITests.swift */,
				6BDF62222927E2B80084604D /* Gymmer_SRF_Watch_AppUITestsLaunchTests.swift */,
			);
			path = "Gymmer SRF Watch AppUITests";
			sourceTree = "<group>";
		};
/* End PBXGroup section */

/* Begin PBXNativeTarget section */
		6BDF61F92927E2B50084604D /* Gymmer SRF */ = {
			isa = PBXNativeTarget;
			buildConfigurationList = 6BDF622A2927E2B80084604D /* Build configuration list for PBXNativeTarget "Gymmer SRF" */;
			buildPhases = (
				6BDF61F82927E2B50084604D /* Resources */,
				6BDF62292927E2B80084604D /* Embed Watch Content */,
			);
			buildRules = (
			);
			dependencies = (
				6BDF62032927E2B50084604D /* PBXTargetDependency */,
			);
			name = "Gymmer SRF";
			productName = "Gymmer SRF";
			productReference = 6BDF61FA2927E2B50084604D /* Gymmer SRF.app */;
			productType = "com.apple.product-type.application.watchapp2-container";
		};
		6BDF61FF2927E2B50084604D /* Gymmer SRF Watch App */ = {
			isa = PBXNativeTarget;
			buildConfigurationList = 6BDF62262927E2B80084604D /* Build configuration list for PBXNativeTarget "Gymmer SRF Watch App" */;
			buildPhases = (
				6BDF61FC2927E2B50084604D /* Sources */,
				6BDF61FD2927E2B50084604D /* Frameworks */,
				6BDF61FE2927E2B50084604D /* Resources */,
			);
			buildRules = (
			);
			dependencies = (
			);
			name = "Gymmer SRF Watch App";
			productName = "Gymmer SRF Watch App";
			productReference = 6BDF62002927E2B50084604D /* Gymmer SRF.app */;
			productType = "com.apple.product-type.application";
		};
		6BDF62112927E2B80084604D /* Gymmer SRF Watch AppTests */ = {
			isa = PBXNativeTarget;
			buildConfigurationList = 6BDF622D2927E2B80084604D /* Build configuration list for PBXNativeTarget "Gymmer SRF Watch AppTests" */;
			buildPhases = (
				6BDF620E2927E2B80084604D /* Sources */,
				6BDF620F2927E2B80084604D /* Frameworks */,
				6BDF62102927E2B80084604D /* Resources */,
			);
			buildRules = (
			);
			dependencies = (
				6BDF62142927E2B80084604D /* PBXTargetDependency */,
			);
			name = "Gymmer SRF Watch AppTests";
			productName = "Gymmer SRF Watch AppTests";
			productReference = 6BDF62122927E2B80084604D /* Gymmer SRF Watch AppTests.xctest */;
			productType = "com.apple.product-type.bundle.unit-test";
		};
		6BDF621B2927E2B80084604D /* Gymmer SRF Watch AppUITests */ = {
			isa = PBXNativeTarget;
			buildConfigurationList = 6BDF62302927E2B80084604D /* Build configuration list for PBXNativeTarget "Gymmer SRF Watch AppUITests" */;
			buildPhases = (
				6BDF62182927E2B80084604D /* Sources */,
				6BDF62192927E2B80084604D /* Frameworks */,
				6BDF621A2927E2B80084604D /* Resources */,
			);
			buildRules = (
			);
			dependencies = (
				6BDF621E2927E2B80084604D /* PBXTargetDependency */,
			);
			name = "Gymmer SRF Watch AppUITests";
			productName = "Gymmer SRF Watch AppUITests";
			productReference = 6BDF621C2927E2B80084604D /* Gymmer SRF Watch AppUITests.xctest */;
			productType = "com.apple.product-type.bundle.ui-testing";
		};
/* End PBXNativeTarget section */

/* Begin PBXProject section */
		6BDF61F42927E2B50084604D /* Project object */ = {
			isa = PBXProject;
			attributes = {
				BuildIndependentTargetsInParallel = 1;
				LastSwiftUpdateCheck = 1410;
				LastUpgradeCheck = 1410;
				TargetAttributes = {
					6BDF61F92927E2B50084604D = {
						CreatedOnToolsVersion = 14.1;
					};
					6BDF61FF2927E2B50084604D = {
						CreatedOnToolsVersion = 14.1;
					};
					6BDF62112927E2B80084604D = {
						CreatedOnToolsVersion = 14.1;
						TestTargetID = 6BDF61FF2927E2B50084604D;
					};
					6BDF621B2927E2B80084604D = {
						CreatedOnToolsVersion = 14.1;
						TestTargetID = 6BDF61FF2927E2B50084604D;
					};
				};
			};
			buildConfigurationList = 6BDF61F72927E2B50084604D /* Build configuration list for PBXProject "Gymmer SRF" */;
			compatibilityVersion = "Xcode 14.0";
			developmentRegion = en;
			hasScannedForEncodings = 0;
			knownRegions = (
				en,
				Base,
			);
			mainGroup = 6BDF61F32927E2B50084604D;
			productRefGroup = 6BDF61FB2927E2B50084604D /* Products */;
			projectDirPath = "";
			projectRoot = "";
			targets = (
				6BDF61F92927E2B50084604D /* Gymmer SRF */,
				6BDF61FF2927E2B50084604D /* Gymmer SRF Watch App */,
				6BDF62112927E2B80084604D /* Gymmer SRF Watch AppTests */,
				6BDF621B2927E2B80084604D /* Gymmer SRF Watch AppUITests */,
			);
		};
/* End PBXProject section */

/* Begin PBXResourcesBuildPhase section */
		6BDF61F82927E2B50084604D /* Resources */ = {
			isa = PBXResourcesBuildPhase;
			buildActionMask = 2147483647;
			files = (
			);
			runOnlyForDeploymentPostprocessing = 0;
		};
		6BDF61FE2927E2B50084604D /* Resources */ = {
			isa = PBXResourcesBuildPhase;
			buildActionMask = 2147483647;
			files = (
				6BDF620D2927E2B80084604D /* Preview Assets.xcassets in Resources */,
				6BDF620A2927E2B80084604D /* Assets.xcassets in Resources */,
			);
			runOnlyForDeploymentPostprocessing = 0;
		};
		6BDF62102927E2B80084604D /* Resources */ = {
			isa = PBXResourcesBuildPhase;
			buildActionMask = 2147483647;
			files = (
			);
			runOnlyForDeploymentPostprocessing = 0;
		};
		6BDF621A2927E2B80084604D /* Resources */ = {
			isa = PBXResourcesBuildPhase;
			buildActionMask = 2147483647;
			files = (
			);
			runOnlyForDeploymentPostprocessing = 0;
		};
/* End PBXResourcesBuildPhase section */

/* Begin PBXSourcesBuildPhase section */
		6BDF61FC2927E2B50084604D /* Sources */ = {
			isa = PBXSourcesBuildPhase;
			buildActionMask = 2147483647;
			files = (
				6BA15FF42928AF2300EEF08A /* TimerView.swift in Sources */,
				6BDF62082927E2B50084604D /* ContentView.swift in Sources */,
				6BA160042929D4CA00EEF08A /* ButtonView.swift in Sources */,
				6BA160022929D34900EEF08A /* ButtonValuesModel.swift in Sources */,
				6BA15FE72928AC2900EEF08A /* ButtonListModel.swift in Sources */,
				6BA160062929D52900EEF08A /* ButtonText.swift in Sources */,
				6BA15FEB2928AD3100EEF08A /* ButtonService.swift in Sources */,
				6BA16011292A461500EEF08A /* ConfigureView.swift in Sources */,
				6BA15FE42928ABE800EEF08A /* GymService.swift in Sources */,
				6BA1600C2929DD9A00EEF08A /* CornerRadius.swift in Sources */,
				6BA15FF92928AFC700EEF08A /* ElapsedTimeView.swift in Sources */,
				6BDF62062927E2B50084604D /* Gymmer_SRFApp.swift in Sources */,
				6BA15FF72928AFA200EEF08A /* MetricsView.swift in Sources */,
				6BA15FE12928AB5300EEF08A /* WorkoutService.swift in Sources */,
				6BA1600E2929F45A00EEF08A /* PreviewProvider.swift in Sources */,
				6BA15FFE292924DC00EEF08A /* ButtonsView.swift in Sources */,
				6BA15FFB2929247500EEF08A /* CountDownTimeView.swift in Sources */,
				6BA160002929D2D500EEF08A /* Constants.swift in Sources */,
				6BA15FE92928ACA100EEF08A /* ButtonModel.swift in Sources */,
				6BA15FF02928AE5500EEF08A /* GymmerView.swift in Sources */,
			);
			runOnlyForDeploymentPostprocessing = 0;
		};
		6BDF620E2927E2B80084604D /* Sources */ = {
			isa = PBXSourcesBuildPhase;
			buildActionMask = 2147483647;
			files = (
				6BDF62172927E2B80084604D /* Gymmer_SRF_Watch_AppTests.swift in Sources */,
			);
			runOnlyForDeploymentPostprocessing = 0;
		};
		6BDF62182927E2B80084604D /* Sources */ = {
			isa = PBXSourcesBuildPhase;
			buildActionMask = 2147483647;
			files = (
				6BDF62212927E2B80084604D /* Gymmer_SRF_Watch_AppUITests.swift in Sources */,
				6BDF62232927E2B80084604D /* Gymmer_SRF_Watch_AppUITestsLaunchTests.swift in Sources */,
			);
			runOnlyForDeploymentPostprocessing = 0;
		};
/* End PBXSourcesBuildPhase section */

/* Begin PBXTargetDependency section */
		6BDF62032927E2B50084604D /* PBXTargetDependency */ = {
			isa = PBXTargetDependency;
			target = 6BDF61FF2927E2B50084604D /* Gymmer SRF Watch App */;
			targetProxy = 6BDF62022927E2B50084604D /* PBXContainerItemProxy */;
		};
		6BDF62142927E2B80084604D /* PBXTargetDependency */ = {
			isa = PBXTargetDependency;
			target = 6BDF61FF2927E2B50084604D /* Gymmer SRF Watch App */;
			targetProxy = 6BDF62132927E2B80084604D /* PBXContainerItemProxy */;
		};
		6BDF621E2927E2B80084604D /* PBXTargetDependency */ = {
			isa = PBXTargetDependency;
			target = 6BDF61FF2927E2B50084604D /* Gymmer SRF Watch App */;
			targetProxy = 6BDF621D2927E2B80084604D /* PBXContainerItemProxy */;
		};
/* End PBXTargetDependency section */

/* Begin XCBuildConfiguration section */
		6BDF62242927E2B80084604D /* Debug */ = {
			isa = XCBuildConfiguration;
			buildSettings = {
				ALWAYS_SEARCH_USER_PATHS = NO;
				CLANG_ANALYZER_NONNULL = YES;
				CLANG_ANALYZER_NUMBER_OBJECT_CONVERSION = YES_AGGRESSIVE;
				CLANG_CXX_LANGUAGE_STANDARD = "gnu++20";
				CLANG_ENABLE_MODULES = YES;
				CLANG_ENABLE_OBJC_ARC = YES;
				CLANG_ENABLE_OBJC_WEAK = YES;
				CLANG_WARN_BLOCK_CAPTURE_AUTORELEASING = YES;
				CLANG_WARN_BOOL_CONVERSION = YES;
				CLANG_WARN_COMMA = YES;
				CLANG_WARN_CONSTANT_CONVERSION = YES;
				CLANG_WARN_DEPRECATED_OBJC_IMPLEMENTATIONS = YES;
				CLANG_WARN_DIRECT_OBJC_ISA_USAGE = YES_ERROR;
				CLANG_WARN_DOCUMENTATION_COMMENTS = YES;
				CLANG_WARN_EMPTY_BODY = YES;
				CLANG_WARN_ENUM_CONVERSION = YES;
				CLANG_WARN_INFINITE_RECURSION = YES;
				CLANG_WARN_INT_CONVERSION = YES;
				CLANG_WARN_NON_LITERAL_NULL_CONVERSION = YES;
				CLANG_WARN_OBJC_IMPLICIT_RETAIN_SELF = YES;
				CLANG_WARN_OBJC_LITERAL_CONVERSION = YES;
				CLANG_WARN_OBJC_ROOT_CLASS = YES_ERROR;
				CLANG_WARN_QUOTED_INCLUDE_IN_FRAMEWORK_HEADER = YES;
				CLANG_WARN_RANGE_LOOP_ANALYSIS = YES;
				CLANG_WARN_STRICT_PROTOTYPES = YES;
				CLANG_WARN_SUSPICIOUS_MOVE = YES;
				CLANG_WARN_UNGUARDED_AVAILABILITY = YES_AGGRESSIVE;
				CLANG_WARN_UNREACHABLE_CODE = YES;
				CLANG_WARN__DUPLICATE_METHOD_MATCH = YES;
				COPY_PHASE_STRIP = NO;
				DEBUG_INFORMATION_FORMAT = dwarf;
				ENABLE_STRICT_OBJC_MSGSEND = YES;
				ENABLE_TESTABILITY = YES;
				GCC_C_LANGUAGE_STANDARD = gnu11;
				GCC_DYNAMIC_NO_PIC = NO;
				GCC_NO_COMMON_BLOCKS = YES;
				GCC_OPTIMIZATION_LEVEL = 0;
				GCC_PREPROCESSOR_DEFINITIONS = (
					"DEBUG=1",
					"$(inherited)",
				);
				GCC_WARN_64_TO_32_BIT_CONVERSION = YES;
				GCC_WARN_ABOUT_RETURN_TYPE = YES_ERROR;
				GCC_WARN_UNDECLARED_SELECTOR = YES;
				GCC_WARN_UNINITIALIZED_AUTOS = YES_AGGRESSIVE;
				GCC_WARN_UNUSED_FUNCTION = YES;
				GCC_WARN_UNUSED_VARIABLE = YES;
				MTL_ENABLE_DEBUG_INFO = INCLUDE_SOURCE;
				MTL_FAST_MATH = YES;
				ONLY_ACTIVE_ARCH = YES;
				SWIFT_ACTIVE_COMPILATION_CONDITIONS = DEBUG;
				SWIFT_OPTIMIZATION_LEVEL = "-Onone";
			};
			name = Debug;
		};
		6BDF62252927E2B80084604D /* Release */ = {
			isa = XCBuildConfiguration;
			buildSettings = {
				ALWAYS_SEARCH_USER_PATHS = NO;
				CLANG_ANALYZER_NONNULL = YES;
				CLANG_ANALYZER_NUMBER_OBJECT_CONVERSION = YES_AGGRESSIVE;
				CLANG_CXX_LANGUAGE_STANDARD = "gnu++20";
				CLANG_ENABLE_MODULES = YES;
				CLANG_ENABLE_OBJC_ARC = YES;
				CLANG_ENABLE_OBJC_WEAK = YES;
				CLANG_WARN_BLOCK_CAPTURE_AUTORELEASING = YES;
				CLANG_WARN_BOOL_CONVERSION = YES;
				CLANG_WARN_COMMA = YES;
				CLANG_WARN_CONSTANT_CONVERSION = YES;
				CLANG_WARN_DEPRECATED_OBJC_IMPLEMENTATIONS = YES;
				CLANG_WARN_DIRECT_OBJC_ISA_USAGE = YES_ERROR;
				CLANG_WARN_DOCUMENTATION_COMMENTS = YES;
				CLANG_WARN_EMPTY_BODY = YES;
				CLANG_WARN_ENUM_CONVERSION = YES;
				CLANG_WARN_INFINITE_RECURSION = YES;
				CLANG_WARN_INT_CONVERSION = YES;
				CLANG_WARN_NON_LITERAL_NULL_CONVERSION = YES;
				CLANG_WARN_OBJC_IMPLICIT_RETAIN_SELF = YES;
				CLANG_WARN_OBJC_LITERAL_CONVERSION = YES;
				CLANG_WARN_OBJC_ROOT_CLASS = YES_ERROR;
				CLANG_WARN_QUOTED_INCLUDE_IN_FRAMEWORK_HEADER = YES;
				CLANG_WARN_RANGE_LOOP_ANALYSIS = YES;
				CLANG_WARN_STRICT_PROTOTYPES = YES;
				CLANG_WARN_SUSPICIOUS_MOVE = YES;
				CLANG_WARN_UNGUARDED_AVAILABILITY = YES_AGGRESSIVE;
				CLANG_WARN_UNREACHABLE_CODE = YES;
				CLANG_WARN__DUPLICATE_METHOD_MATCH = YES;
				COPY_PHASE_STRIP = NO;
				DEBUG_INFORMATION_FORMAT = "dwarf-with-dsym";
				ENABLE_NS_ASSERTIONS = NO;
				ENABLE_STRICT_OBJC_MSGSEND = YES;
				GCC_C_LANGUAGE_STANDARD = gnu11;
				GCC_NO_COMMON_BLOCKS = YES;
				GCC_WARN_64_TO_32_BIT_CONVERSION = YES;
				GCC_WARN_ABOUT_RETURN_TYPE = YES_ERROR;
				GCC_WARN_UNDECLARED_SELECTOR = YES;
				GCC_WARN_UNINITIALIZED_AUTOS = YES_AGGRESSIVE;
				GCC_WARN_UNUSED_FUNCTION = YES;
				GCC_WARN_UNUSED_VARIABLE = YES;
				MTL_ENABLE_DEBUG_INFO = NO;
				MTL_FAST_MATH = YES;
				SWIFT_COMPILATION_MODE = wholemodule;
				SWIFT_OPTIMIZATION_LEVEL = "-O";
			};
			name = Release;
		};
		6BDF62272927E2B80084604D /* Debug */ = {
			isa = XCBuildConfiguration;
			buildSettings = {
				ASSETCATALOG_COMPILER_APPICON_NAME = AppIcon;
				ASSETCATALOG_COMPILER_GLOBAL_ACCENT_COLOR_NAME = AccentColor;
				CODE_SIGN_ENTITLEMENTS = "Gymmer SRF Watch App/Gymmer SRF Watch App.entitlements";
				CODE_SIGN_STYLE = Automatic;
				CURRENT_PROJECT_VERSION = 2.0.1;
				DEVELOPMENT_ASSET_PATHS = "\"Gymmer SRF Watch App/Preview Content\"";
				DEVELOPMENT_TEAM = PTS7976U28;
				ENABLE_PREVIEWS = YES;
				GENERATE_INFOPLIST_FILE = YES;
				INFOPLIST_FILE = "Gymmer-SRF-Watch-App-Info.plist";
				INFOPLIST_KEY_CFBundleDisplayName = "Gymmer SRF";
				INFOPLIST_KEY_NSHealthShareUsageDescription = "Your workout related data will be used to display your saved workouts in Gymmer SRF.";
				INFOPLIST_KEY_NSHealthUpdateUsageDescription = "Workouts tracked by MyWorkouts on Apple Watch will be saved to HealthKit.";
				INFOPLIST_KEY_UISupportedInterfaceOrientations = "UIInterfaceOrientationPortrait UIInterfaceOrientationPortraitUpsideDown";
				INFOPLIST_KEY_WKWatchOnly = YES;
				LD_RUNPATH_SEARCH_PATHS = (
					"$(inherited)",
					"@executable_path/Frameworks",
				);
				MARKETING_VERSION = 2.0.1;
				PRODUCT_BUNDLE_IDENTIFIER = "srf.Gymmer-SRF.watchkitapp";
				PRODUCT_NAME = "Gymmer SRF";
				SDKROOT = watchos;
				SKIP_INSTALL = YES;
				SWIFT_EMIT_LOC_STRINGS = YES;
				SWIFT_VERSION = 5.0;
				TARGETED_DEVICE_FAMILY = 4;
				WATCHOS_DEPLOYMENT_TARGET = 8.1;
			};
			name = Debug;
		};
		6BDF62282927E2B80084604D /* Release */ = {
			isa = XCBuildConfiguration;
			buildSettings = {
				ASSETCATALOG_COMPILER_APPICON_NAME = AppIcon;
				ASSETCATALOG_COMPILER_GLOBAL_ACCENT_COLOR_NAME = AccentColor;
				CODE_SIGN_ENTITLEMENTS = "Gymmer SRF Watch App/Gymmer SRF Watch App.entitlements";
				CODE_SIGN_STYLE = Automatic;
				CURRENT_PROJECT_VERSION = 2.0.1;
				DEVELOPMENT_ASSET_PATHS = "\"Gymmer SRF Watch App/Preview Content\"";
				DEVELOPMENT_TEAM = PTS7976U28;
				ENABLE_PREVIEWS = YES;
				GENERATE_INFOPLIST_FILE = YES;
				INFOPLIST_FILE = "Gymmer-SRF-Watch-App-Info.plist";
				INFOPLIST_KEY_CFBundleDisplayName = "Gymmer SRF";
				INFOPLIST_KEY_NSHealthShareUsageDescription = "Your workout related data will be used to display your saved workouts in Gymmer SRF.";
				INFOPLIST_KEY_NSHealthUpdateUsageDescription = "Workouts tracked by MyWorkouts on Apple Watch will be saved to HealthKit.";
				INFOPLIST_KEY_UISupportedInterfaceOrientations = "UIInterfaceOrientationPortrait UIInterfaceOrientationPortraitUpsideDown";
				INFOPLIST_KEY_WKWatchOnly = YES;
				LD_RUNPATH_SEARCH_PATHS = (
					"$(inherited)",
					"@executable_path/Frameworks",
				);
				MARKETING_VERSION = 2.0.1;
				PRODUCT_BUNDLE_IDENTIFIER = "srf.Gymmer-SRF.watchkitapp";
				PRODUCT_NAME = "Gymmer SRF";
				SDKROOT = watchos;
				SKIP_INSTALL = YES;
				SWIFT_EMIT_LOC_STRINGS = YES;
				SWIFT_VERSION = 5.0;
				TARGETED_DEVICE_FAMILY = 4;
				VALIDATE_PRODUCT = YES;
				WATCHOS_DEPLOYMENT_TARGET = 8.1;
			};
			name = Release;
		};
		6BDF622B2927E2B80084604D /* Debug */ = {
			isa = XCBuildConfiguration;
			buildSettings = {
				ALWAYS_EMBED_SWIFT_STANDARD_LIBRARIES = YES;
				CODE_SIGN_STYLE = Automatic;
				CURRENT_PROJECT_VERSION = 2.0.1;
				DEVELOPMENT_TEAM = PTS7976U28;
				INFOPLIST_KEY_CFBundleDisplayName = "Gymmer SRF";
				MARKETING_VERSION = 2.0.1;
				PRODUCT_BUNDLE_IDENTIFIER = "srf.Gymmer-SRF";
				PRODUCT_NAME = "$(TARGET_NAME)";
				SDKROOT = iphoneos;
				SWIFT_VERSION = 5.0;
			};
			name = Debug;
		};
		6BDF622C2927E2B80084604D /* Release */ = {
			isa = XCBuildConfiguration;
			buildSettings = {
				ALWAYS_EMBED_SWIFT_STANDARD_LIBRARIES = YES;
				CODE_SIGN_STYLE = Automatic;
				CURRENT_PROJECT_VERSION = 2.0.1;
				DEVELOPMENT_TEAM = PTS7976U28;
				INFOPLIST_KEY_CFBundleDisplayName = "Gymmer SRF";
				MARKETING_VERSION = 2.0.1;
				PRODUCT_BUNDLE_IDENTIFIER = "srf.Gymmer-SRF";
				PRODUCT_NAME = "$(TARGET_NAME)";
				SDKROOT = iphoneos;
				SWIFT_VERSION = 5.0;
				VALIDATE_PRODUCT = YES;
			};
			name = Release;
		};
		6BDF622E2927E2B80084604D /* Debug */ = {
			isa = XCBuildConfiguration;
			buildSettings = {
				ALWAYS_EMBED_SWIFT_STANDARD_LIBRARIES = YES;
				BUNDLE_LOADER = "$(TEST_HOST)";
				CODE_SIGN_STYLE = Automatic;
				CURRENT_PROJECT_VERSION = 1;
				DEVELOPMENT_TEAM = PTS7976U28;
				GENERATE_INFOPLIST_FILE = YES;
				MARKETING_VERSION = 1.0;
				PRODUCT_BUNDLE_IDENTIFIER = "srf.Gymmer-SRF-Watch-AppTests";
				PRODUCT_NAME = "$(TARGET_NAME)";
				SDKROOT = watchos;
				SWIFT_EMIT_LOC_STRINGS = NO;
				SWIFT_VERSION = 5.0;
				TARGETED_DEVICE_FAMILY = 4;
				TEST_HOST = "$(BUILT_PRODUCTS_DIR)/Gymmer SRF Watch App.app/$(BUNDLE_EXECUTABLE_FOLDER_PATH)/Gymmer SRF Watch App";
				WATCHOS_DEPLOYMENT_TARGET = 9.1;
			};
			name = Debug;
		};
		6BDF622F2927E2B80084604D /* Release */ = {
			isa = XCBuildConfiguration;
			buildSettings = {
				ALWAYS_EMBED_SWIFT_STANDARD_LIBRARIES = YES;
				BUNDLE_LOADER = "$(TEST_HOST)";
				CODE_SIGN_STYLE = Automatic;
				CURRENT_PROJECT_VERSION = 1;
				DEVELOPMENT_TEAM = PTS7976U28;
				GENERATE_INFOPLIST_FILE = YES;
				MARKETING_VERSION = 1.0;
				PRODUCT_BUNDLE_IDENTIFIER = "srf.Gymmer-SRF-Watch-AppTests";
				PRODUCT_NAME = "$(TARGET_NAME)";
				SDKROOT = watchos;
				SWIFT_EMIT_LOC_STRINGS = NO;
				SWIFT_VERSION = 5.0;
				TARGETED_DEVICE_FAMILY = 4;
				TEST_HOST = "$(BUILT_PRODUCTS_DIR)/Gymmer SRF Watch App.app/$(BUNDLE_EXECUTABLE_FOLDER_PATH)/Gymmer SRF Watch App";
				VALIDATE_PRODUCT = YES;
				WATCHOS_DEPLOYMENT_TARGET = 9.1;
			};
			name = Release;
		};
		6BDF62312927E2B80084604D /* Debug */ = {
			isa = XCBuildConfiguration;
			buildSettings = {
				ALWAYS_EMBED_SWIFT_STANDARD_LIBRARIES = YES;
				CODE_SIGN_STYLE = Automatic;
				CURRENT_PROJECT_VERSION = 1;
				DEVELOPMENT_TEAM = PTS7976U28;
				GENERATE_INFOPLIST_FILE = YES;
				MARKETING_VERSION = 1.0;
				PRODUCT_BUNDLE_IDENTIFIER = "srf.Gymmer-SRF-Watch-AppUITests";
				PRODUCT_NAME = "$(TARGET_NAME)";
				SDKROOT = watchos;
				SWIFT_EMIT_LOC_STRINGS = NO;
				SWIFT_VERSION = 5.0;
				TARGETED_DEVICE_FAMILY = 4;
				TEST_TARGET_NAME = "Gymmer SRF Watch App";
				WATCHOS_DEPLOYMENT_TARGET = 9.1;
			};
			name = Debug;
		};
		6BDF62322927E2B80084604D /* Release */ = {
			isa = XCBuildConfiguration;
			buildSettings = {
				ALWAYS_EMBED_SWIFT_STANDARD_LIBRARIES = YES;
				CODE_SIGN_STYLE = Automatic;
				CURRENT_PROJECT_VERSION = 1;
				DEVELOPMENT_TEAM = PTS7976U28;
				GENERATE_INFOPLIST_FILE = YES;
				MARKETING_VERSION = 1.0;
				PRODUCT_BUNDLE_IDENTIFIER = "srf.Gymmer-SRF-Watch-AppUITests";
				PRODUCT_NAME = "$(TARGET_NAME)";
				SDKROOT = watchos;
				SWIFT_EMIT_LOC_STRINGS = NO;
				SWIFT_VERSION = 5.0;
				TARGETED_DEVICE_FAMILY = 4;
				TEST_TARGET_NAME = "Gymmer SRF Watch App";
				VALIDATE_PRODUCT = YES;
				WATCHOS_DEPLOYMENT_TARGET = 9.1;
			};
			name = Release;
		};
/* End XCBuildConfiguration section */

/* Begin XCConfigurationList section */
		6BDF61F72927E2B50084604D /* Build configuration list for PBXProject "Gymmer SRF" */ = {
			isa = XCConfigurationList;
			buildConfigurations = (
				6BDF62242927E2B80084604D /* Debug */,
				6BDF62252927E2B80084604D /* Release */,
			);
			defaultConfigurationIsVisible = 0;
			defaultConfigurationName = Release;
		};
		6BDF62262927E2B80084604D /* Build configuration list for PBXNativeTarget "Gymmer SRF Watch App" */ = {
			isa = XCConfigurationList;
			buildConfigurations = (
				6BDF62272927E2B80084604D /* Debug */,
				6BDF62282927E2B80084604D /* Release */,
			);
			defaultConfigurationIsVisible = 0;
			defaultConfigurationName = Release;
		};
		6BDF622A2927E2B80084604D /* Build configuration list for PBXNativeTarget "Gymmer SRF" */ = {
			isa = XCConfigurationList;
			buildConfigurations = (
				6BDF622B2927E2B80084604D /* Debug */,
				6BDF622C2927E2B80084604D /* Release */,
			);
			defaultConfigurationIsVisible = 0;
			defaultConfigurationName = Release;
		};
		6BDF622D2927E2B80084604D /* Build configuration list for PBXNativeTarget "Gymmer SRF Watch AppTests" */ = {
			isa = XCConfigurationList;
			buildConfigurations = (
				6BDF622E2927E2B80084604D /* Debug */,
				6BDF622F2927E2B80084604D /* Release */,
			);
			defaultConfigurationIsVisible = 0;
			defaultConfigurationName = Release;
		};
		6BDF62302927E2B80084604D /* Build configuration list for PBXNativeTarget "Gymmer SRF Watch AppUITests" */ = {
			isa = XCConfigurationList;
			buildConfigurations = (
				6BDF62312927E2B80084604D /* Debug */,
				6BDF62322927E2B80084604D /* Release */,
			);
			defaultConfigurationIsVisible = 0;
			defaultConfigurationName = Release;
		};
/* End XCConfigurationList section */
	};
	rootObject = 6BDF61F42927E2B50084604D /* Project object */;
}
